// !$*UTF8*$!
{
	archiveVersion = 1;
	classes = {
	};
	objectVersion = 48;
	objects = {

/* Begin PBXBuildFile section */
		2C5E1ACB1FA0899900731EDA /* AppDelegate.swift in Sources */ = {isa = PBXBuildFile; fileRef = 2C5E1ACA1FA0899900731EDA /* AppDelegate.swift */; };
		2C5E1ACD1FA0899900731EDA /* ViewController.swift in Sources */ = {isa = PBXBuildFile; fileRef = 2C5E1ACC1FA0899900731EDA /* ViewController.swift */; };
		2C5E1AD01FA0899900731EDA /* Main.storyboard in Resources */ = {isa = PBXBuildFile; fileRef = 2C5E1ACE1FA0899900731EDA /* Main.storyboard */; };
		2C5E1AD21FA0899900731EDA /* Assets.xcassets in Resources */ = {isa = PBXBuildFile; fileRef = 2C5E1AD11FA0899900731EDA /* Assets.xcassets */; };
		2C5E1AD51FA0899900731EDA /* LaunchScreen.storyboard in Resources */ = {isa = PBXBuildFile; fileRef = 2C5E1AD31FA0899900731EDA /* LaunchScreen.storyboard */; };
		2CCB807D1FA0D6FE001BC669 /* UIImage+Extensions.swift in Sources */ = {isa = PBXBuildFile; fileRef = 2CCB807C1FA0D6FE001BC669 /* UIImage+Extensions.swift */; };
		2CCB80811FA20DCD001BC669 /* Dictionary+Extensions.swift in Sources */ = {isa = PBXBuildFile; fileRef = 2CCB80801FA20DCD001BC669 /* Dictionary+Extensions.swift */; };
/* End PBXBuildFile section */

/* Begin PBXFileReference section */
		2C5E1AC71FA0899900731EDA /* FlowerPower.app */ = {isa = PBXFileReference; explicitFileType = wrapper.application; includeInIndex = 0; path = FlowerPower.app; sourceTree = BUILT_PRODUCTS_DIR; };
		2C5E1ACA1FA0899900731EDA /* AppDelegate.swift */ = {isa = PBXFileReference; lastKnownFileType = sourcecode.swift; path = AppDelegate.swift; sourceTree = "<group>"; };
		2C5E1ACC1FA0899900731EDA /* ViewController.swift */ = {isa = PBXFileReference; lastKnownFileType = sourcecode.swift; path = ViewController.swift; sourceTree = "<group>"; };
		2C5E1ACF1FA0899900731EDA /* Base */ = {isa = PBXFileReference; lastKnownFileType = file.storyboard; name = Base; path = Base.lproj/Main.storyboard; sourceTree = "<group>"; };
		2C5E1AD11FA0899900731EDA /* Assets.xcassets */ = {isa = PBXFileReference; lastKnownFileType = folder.assetcatalog; path = Assets.xcassets; sourceTree = "<group>"; };
		2C5E1AD41FA0899900731EDA /* Base */ = {isa = PBXFileReference; lastKnownFileType = file.storyboard; name = Base; path = Base.lproj/LaunchScreen.storyboard; sourceTree = "<group>"; };
		2C5E1AD61FA0899900731EDA /* Info.plist */ = {isa = PBXFileReference; lastKnownFileType = text.plist.xml; path = Info.plist; sourceTree = "<group>"; };
		2CCB807C1FA0D6FE001BC669 /* UIImage+Extensions.swift */ = {isa = PBXFileReference; lastKnownFileType = sourcecode.swift; path = "UIImage+Extensions.swift"; sourceTree = "<group>"; };
		2CCB80801FA20DCD001BC669 /* Dictionary+Extensions.swift */ = {isa = PBXFileReference; lastKnownFileType = sourcecode.swift; path = "Dictionary+Extensions.swift"; sourceTree = "<group>"; };
/* End PBXFileReference section */

/* Begin PBXFrameworksBuildPhase section */
		2C5E1AC41FA0899900731EDA /* Frameworks */ = {
			isa = PBXFrameworksBuildPhase;
			buildActionMask = 2147483647;
			files = (
			);
			runOnlyForDeploymentPostprocessing = 0;
		};
/* End PBXFrameworksBuildPhase section */

/* Begin PBXGroup section */
		2C5E1ABE1FA0899900731EDA = {
			isa = PBXGroup;
			children = (
				2C5E1AC91FA0899900731EDA /* FlowerPower */,
				2C5E1AC81FA0899900731EDA /* Products */,
			);
			sourceTree = "<group>";
		};
		2C5E1AC81FA0899900731EDA /* Products */ = {
			isa = PBXGroup;
			children = (
				2C5E1AC71FA0899900731EDA /* FlowerPower.app */,
			);
			name = Products;
			sourceTree = "<group>";
		};
		2C5E1AC91FA0899900731EDA /* FlowerPower */ = {
			isa = PBXGroup;
			children = (
				2C5E1ACA1FA0899900731EDA /* AppDelegate.swift */,
				2C5E1ACC1FA0899900731EDA /* ViewController.swift */,
				2C5E1ACE1FA0899900731EDA /* Main.storyboard */,
				2C5E1AD11FA0899900731EDA /* Assets.xcassets */,
				2C5E1AD31FA0899900731EDA /* LaunchScreen.storyboard */,
				2C5E1AD61FA0899900731EDA /* Info.plist */,
				2CCB807C1FA0D6FE001BC669 /* UIImage+Extensions.swift */,
				2CCB80801FA20DCD001BC669 /* Dictionary+Extensions.swift */,
			);
			path = FlowerPower;
			sourceTree = "<group>";
		};
/* End PBXGroup section */

/* Begin PBXNativeTarget section */
		2C5E1AC61FA0899900731EDA /* FlowerPower */ = {
			isa = PBXNativeTarget;
			buildConfigurationList = 2C5E1AD91FA0899900731EDA /* Build configuration list for PBXNativeTarget "FlowerPower" */;
			buildPhases = (
				2C5E1AC31FA0899900731EDA /* Sources */,
				2C5E1AC41FA0899900731EDA /* Frameworks */,
				2C5E1AC51FA0899900731EDA /* Resources */,
			);
			buildRules = (
			);
			dependencies = (
			);
			name = FlowerPower;
			productName = FlowerPower;
			productReference = 2C5E1AC71FA0899900731EDA /* FlowerPower.app */;
			productType = "com.apple.product-type.application";
		};
/* End PBXNativeTarget section */

/* Begin PBXProject section */
		2C5E1ABF1FA0899900731EDA /* Project object */ = {
			isa = PBXProject;
			attributes = {
				LastSwiftUpdateCheck = 0900;
				LastUpgradeCheck = 0900;
				ORGANIZATIONNAME = "Ivan Matkovic";
				TargetAttributes = {
					2C5E1AC61FA0899900731EDA = {
						CreatedOnToolsVersion = 9.0;
						ProvisioningStyle = Automatic;
					};
				};
			};
			buildConfigurationList = 2C5E1AC21FA0899900731EDA /* Build configuration list for PBXProject "FlowerPower" */;
			compatibilityVersion = "Xcode 8.0";
			developmentRegion = en;
			hasScannedForEncodings = 0;
			knownRegions = (
				en,
				Base,
			);
			mainGroup = 2C5E1ABE1FA0899900731EDA;
			productRefGroup = 2C5E1AC81FA0899900731EDA /* Products */;
			projectDirPath = "";
			projectRoot = "";
			targets = (
				2C5E1AC61FA0899900731EDA /* FlowerPower */,
			);
		};
/* End PBXProject section */

/* Begin PBXResourcesBuildPhase section */
		2C5E1AC51FA0899900731EDA /* Resources */ = {
			isa = PBXResourcesBuildPhase;
			buildActionMask = 2147483647;
			files = (
				2C5E1AD51FA0899900731EDA /* LaunchScreen.storyboard in Resources */,
				2C5E1AD21FA0899900731EDA /* Assets.xcassets in Resources */,
				2C5E1AD01FA0899900731EDA /* Main.storyboard in Resources */,
			);
			runOnlyForDeploymentPostprocessing = 0;
		};
/* End PBXResourcesBuildPhase section */

/* Begin PBXSourcesBuildPhase section */
		2C5E1AC31FA0899900731EDA /* Sources */ = {
			isa = PBXSourcesBuildPhase;
			buildActionMask = 2147483647;
			files = (
				2C5E1ACD1FA0899900731EDA /* ViewController.swift in Sources */,
				2C5E1ACB1FA0899900731EDA /* AppDelegate.swift in Sources */,
				2CCB807D1FA0D6FE001BC669 /* UIImage+Extensions.swift in Sources */,
				2CCB80811FA20DCD001BC669 /* Dictionary+Extensions.swift in Sources */,
			);
			runOnlyForDeploymentPostprocessing = 0;
		};
/* End PBXSourcesBuildPhase section */

/* Begin PBXVariantGroup section */
		2C5E1ACE1FA0899900731EDA /* Main.storyboard */ = {
			isa = PBXVariantGroup;
			children = (
				2C5E1ACF1FA0899900731EDA /* Base */,
			);
			name = Main.storyboard;
			sourceTree = "<group>";
		};
		2C5E1AD31FA0899900731EDA /* LaunchScreen.storyboard */ = {
			isa = PBXVariantGroup;
			children = (
				2C5E1AD41FA0899900731EDA /* Base */,
			);
			name = LaunchScreen.storyboard;
			sourceTree = "<group>";
		};
/* End PBXVariantGroup section */

/* Begin XCBuildConfiguration section */
		2C5E1AD71FA0899900731EDA /* Debug */ = {
			isa = XCBuildConfiguration;
			buildSettings = {
				ALWAYS_SEARCH_USER_PATHS = NO;
				CLANG_ANALYZER_NONNULL = YES;
				CLANG_ANALYZER_NUMBER_OBJECT_CONVERSION = YES_AGGRESSIVE;
				CLANG_CXX_LANGUAGE_STANDARD = "gnu++14";
				CLANG_CXX_LIBRARY = "libc++";
				CLANG_ENABLE_MODULES = YES;
				CLANG_ENABLE_OBJC_ARC = YES;
				CLANG_WARN_BLOCK_CAPTURE_AUTORELEASING = YES;
				CLANG_WARN_BOOL_CONVERSION = YES;
				CLANG_WARN_COMMA = YES;
				CLANG_WARN_CONSTANT_CONVERSION = YES;
				CLANG_WARN_DIRECT_OBJC_ISA_USAGE = YES_ERROR;
				CLANG_WARN_DOCUMENTATION_COMMENTS = YES;
				CLANG_WARN_EMPTY_BODY = YES;
				CLANG_WARN_ENUM_CONVERSION = YES;
				CLANG_WARN_INFINITE_RECURSION = YES;
				CLANG_WARN_INT_CONVERSION = YES;
				CLANG_WARN_NON_LITERAL_NULL_CONVERSION = YES;
				CLANG_WARN_OBJC_LITERAL_CONVERSION = YES;
				CLANG_WARN_OBJC_ROOT_CLASS = YES_ERROR;
				CLANG_WARN_RANGE_LOOP_ANALYSIS = YES;
				CLANG_WARN_STRICT_PROTOTYPES = YES;
				CLANG_WARN_SUSPICIOUS_MOVE = YES;
				CLANG_WARN_UNGUARDED_AVAILABILITY = YES_AGGRESSIVE;
				CLANG_WARN_UNREACHABLE_CODE = YES;
				CLANG_WARN__DUPLICATE_METHOD_MATCH = YES;
				CODE_SIGN_IDENTITY = "iPhone Developer";
				COPY_PHASE_STRIP = NO;
				DEBUG_INFORMATION_FORMAT = dwarf;
				ENABLE_STRICT_OBJC_MSGSEND = YES;
				ENABLE_TESTABILITY = YES;
				GCC_C_LANGUAGE_STANDARD = gnu11;
				GCC_DYNAMIC_NO_PIC = NO;
				GCC_NO_COMMON_BLOCKS = YES;
				GCC_OPTIMIZATION_LEVEL = 0;
				GCC_PREPROCESSOR_DEFINITIONS = (
					"DEBUG=1",
					"$(inherited)",
				);
				GCC_WARN_64_TO_32_BIT_CONVERSION = YES;
				GCC_WARN_ABOUT_RETURN_TYPE = YES_ERROR;
				GCC_WARN_UNDECLARED_SELECTOR = YES;
				GCC_WARN_UNINITIALIZED_AUTOS = YES_AGGRESSIVE;
				GCC_WARN_UNUSED_FUNCTION = YES;
				GCC_WARN_UNUSED_VARIABLE = YES;
				IPHONEOS_DEPLOYMENT_TARGET = 11.0;
				MTL_ENABLE_DEBUG_INFO = YES;
				ONLY_ACTIVE_ARCH = YES;
				SDKROOT = iphoneos;
				SWIFT_ACTIVE_COMPILATION_CONDITIONS = DEBUG;
				SWIFT_OPTIMIZATION_LEVEL = "-Onone";
			};
			name = Debug;
		};
		2C5E1AD81FA0899900731EDA /* Release */ = {
			isa = XCBuildConfiguration;
			buildSettings = {
				ALWAYS_SEARCH_USER_PATHS = NO;
				CLANG_ANALYZER_NONNULL = YES;
				CLANG_ANALYZER_NUMBER_OBJECT_CONVERSION = YES_AGGRESSIVE;
				CLANG_CXX_LANGUAGE_STANDARD = "gnu++14";
				CLANG_CXX_LIBRARY = "libc++";
				CLANG_ENABLE_MODULES = YES;
				CLANG_ENABLE_OBJC_ARC = YES;
				CLANG_WARN_BLOCK_CAPTURE_AUTORELEASING = YES;
				CLANG_WARN_BOOL_CONVERSION = YES;
				CLANG_WARN_COMMA = YES;
				CLANG_WARN_CONSTANT_CONVERSION = YES;
				CLANG_WARN_DIRECT_OBJC_ISA_USAGE = YES_ERROR;
				CLANG_WARN_DOCUMENTATION_COMMENTS = YES;
				CLANG_WARN_EMPTY_BODY = YES;
				CLANG_WARN_ENUM_CONVERSION = YES;
				CLANG_WARN_INFINITE_RECURSION = YES;
				CLANG_WARN_INT_CONVERSION = YES;
				CLANG_WARN_NON_LITERAL_NULL_CONVERSION = YES;
				CLANG_WARN_OBJC_LITERAL_CONVERSION = YES;
				CLANG_WARN_OBJC_ROOT_CLASS = YES_ERROR;
				CLANG_WARN_RANGE_LOOP_ANALYSIS = YES;
				CLANG_WARN_STRICT_PROTOTYPES = YES;
				CLANG_WARN_SUSPICIOUS_MOVE = YES;
				CLANG_WARN_UNGUARDED_AVAILABILITY = YES_AGGRESSIVE;
				CLANG_WARN_UNREACHABLE_CODE = YES;
				CLANG_WARN__DUPLICATE_METHOD_MATCH = YES;
				CODE_SIGN_IDENTITY = "iPhone Developer";
				COPY_PHASE_STRIP = NO;
				DEBUG_INFORMATION_FORMAT = "dwarf-with-dsym";
				ENABLE_NS_ASSERTIONS = NO;
				ENABLE_STRICT_OBJC_MSGSEND = YES;
				GCC_C_LANGUAGE_STANDARD = gnu11;
				GCC_NO_COMMON_BLOCKS = YES;
				GCC_WARN_64_TO_32_BIT_CONVERSION = YES;
				GCC_WARN_ABOUT_RETURN_TYPE = YES_ERROR;
				GCC_WARN_UNDECLARED_SELECTOR = YES;
				GCC_WARN_UNINITIALIZED_AUTOS = YES_AGGRESSIVE;
				GCC_WARN_UNUSED_FUNCTION = YES;
				GCC_WARN_UNUSED_VARIABLE = YES;
				IPHONEOS_DEPLOYMENT_TARGET = 11.0;
				MTL_ENABLE_DEBUG_INFO = NO;
				SDKROOT = iphoneos;
				SWIFT_OPTIMIZATION_LEVEL = "-Owholemodule";
				VALIDATE_PRODUCT = YES;
			};
			name = Release;
		};
		2C5E1ADA1FA0899900731EDA /* Debug */ = {
			isa = XCBuildConfiguration;
			buildSettings = {
				ASSETCATALOG_COMPILER_APPICON_NAME = AppIcon;
				CODE_SIGN_STYLE = Automatic;
				DEVELOPMENT_TEAM = KQL8ZGKJFY;
				INFOPLIST_FILE = FlowerPower/Info.plist;
				LD_RUNPATH_SEARCH_PATHS = "$(inherited) @executable_path/Frameworks";
				PRODUCT_BUNDLE_IDENTIFIER = imatkovic.FlowerPower;
				PRODUCT_NAME = "$(TARGET_NAME)";
				SWIFT_VERSION = 4.0;
				TARGETED_DEVICE_FAMILY = "1,2";
			};
			name = Debug;
		};
		2C5E1ADB1FA0899900731EDA /* Release */ = {
			isa = XCBuildConfiguration;
			buildSettings = {
				ASSETCATALOG_COMPILER_APPICON_NAME = AppIcon;
				CODE_SIGN_STYLE = Automatic;
				DEVELOPMENT_TEAM = KQL8ZGKJFY;
				INFOPLIST_FILE = FlowerPower/Info.plist;
				LD_RUNPATH_SEARCH_PATHS = "$(inherited) @executable_path/Frameworks";
				PRODUCT_BUNDLE_IDENTIFIER = imatkovic.FlowerPower;
				PRODUCT_NAME = "$(TARGET_NAME)";
				SWIFT_VERSION = 4.0;
				TARGETED_DEVICE_FAMILY = "1,2";
			};
			name = Release;
		};
/* End XCBuildConfiguration section */

/* Begin XCConfigurationList section */
		2C5E1AC21FA0899900731EDA /* Build configuration list for PBXProject "FlowerPower" */ = {
			isa = XCConfigurationList;
			buildConfigurations = (
				2C5E1AD71FA0899900731EDA /* Debug */,
				2C5E1AD81FA0899900731EDA /* Release */,
			);
			defaultConfigurationIsVisible = 0;
			defaultConfigurationName = Release;
		};
		2C5E1AD91FA0899900731EDA /* Build configuration list for PBXNativeTarget "FlowerPower" */ = {
			isa = XCConfigurationList;
			buildConfigurations = (
				2C5E1ADA1FA0899900731EDA /* Debug */,
				2C5E1ADB1FA0899900731EDA /* Release */,
			);
			defaultConfigurationIsVisible = 0;
			defaultConfigurationName = Release;
		};
/* End XCConfigurationList section */
	};
	rootObject = 2C5E1ABF1FA0899900731EDA /* Project object */;
}
